// !$*UTF8*$!
{
	archiveVersion = 1;
	classes = {
	};
	objectVersion = 46;
	objects = {

/* Begin PBXBuildFile section */
		44BB9FFC1EEBA747009A3EF0 /* main.m in Sources */ = {isa = PBXBuildFile; fileRef = 44BB9FFB1EEBA747009A3EF0 /* main.m */; };
		44BB9FFF1EEBA747009A3EF0 /* AppDelegate.m in Sources */ = {isa = PBXBuildFile; fileRef = 44BB9FFE1EEBA747009A3EF0 /* AppDelegate.m */; };
		44BBA0151EEBA747009A3EF0 /* LikeUUITests.m in Sources */ = {isa = PBXBuildFile; fileRef = 44BBA0141EEBA747009A3EF0 /* LikeUUITests.m */; };
		44BBA0221EED0356009A3EF0 /* Assets.xcassets in Resources */ = {isa = PBXBuildFile; fileRef = 44BBA0211EED0356009A3EF0 /* Assets.xcassets */; };
		44BBA0291EED072F009A3EF0 /* LURootViewController.m in Sources */ = {isa = PBXBuildFile; fileRef = 44BBA0281EED072F009A3EF0 /* LURootViewController.m */; };
		44BBA02C1EED09EC009A3EF0 /* LUBaseViewController.m in Sources */ = {isa = PBXBuildFile; fileRef = 44BBA02B1EED09EC009A3EF0 /* LUBaseViewController.m */; };
		44BBA0301EED0B10009A3EF0 /* LURecomendViewController.m in Sources */ = {isa = PBXBuildFile; fileRef = 44BBA02F1EED0B10009A3EF0 /* LURecomendViewController.m */; };
		44BBA0331EED0B24009A3EF0 /* LUFindViewController.m in Sources */ = {isa = PBXBuildFile; fileRef = 44BBA0321EED0B24009A3EF0 /* LUFindViewController.m */; };
		44BBA0361EED0C41009A3EF0 /* LUMindViewController.m in Sources */ = {isa = PBXBuildFile; fileRef = 44BBA0351EED0C41009A3EF0 /* LUMindViewController.m */; };
		44BBA0391EED0C4F009A3EF0 /* LUUserCenterViewController.m in Sources */ = {isa = PBXBuildFile; fileRef = 44BBA0381EED0C4F009A3EF0 /* LUUserCenterViewController.m */; };
		44BBA03D1EED2CA4009A3EF0 /* LUBaseTableViewController.m in Sources */ = {isa = PBXBuildFile; fileRef = 44BBA03C1EED2CA4009A3EF0 /* LUBaseTableViewController.m */; };
/* End PBXBuildFile section */

/* Begin PBXContainerItemProxy section */
		44BBA0111EEBA747009A3EF0 /* PBXContainerItemProxy */ = {
			isa = PBXContainerItemProxy;
			containerPortal = 44BB9FEF1EEBA747009A3EF0 /* Project object */;
			proxyType = 1;
			remoteGlobalIDString = 44BB9FF61EEBA747009A3EF0;
			remoteInfo = LikeU;
		};
/* End PBXContainerItemProxy section */

/* Begin PBXFileReference section */
		44BB9FF71EEBA747009A3EF0 /* LikeU.app */ = {isa = PBXFileReference; explicitFileType = wrapper.application; includeInIndex = 0; path = LikeU.app; sourceTree = BUILT_PRODUCTS_DIR; };
		44BB9FFB1EEBA747009A3EF0 /* main.m */ = {isa = PBXFileReference; lastKnownFileType = sourcecode.c.objc; path = main.m; sourceTree = "<group>"; };
		44BB9FFD1EEBA747009A3EF0 /* AppDelegate.h */ = {isa = PBXFileReference; lastKnownFileType = sourcecode.c.h; path = AppDelegate.h; sourceTree = "<group>"; };
		44BB9FFE1EEBA747009A3EF0 /* AppDelegate.m */ = {isa = PBXFileReference; lastKnownFileType = sourcecode.c.objc; path = AppDelegate.m; sourceTree = "<group>"; };
		44BBA00B1EEBA747009A3EF0 /* Info.plist */ = {isa = PBXFileReference; lastKnownFileType = text.plist.xml; path = Info.plist; sourceTree = "<group>"; };
		44BBA0101EEBA747009A3EF0 /* LikeUUITests.xctest */ = {isa = PBXFileReference; explicitFileType = wrapper.cfbundle; includeInIndex = 0; path = LikeUUITests.xctest; sourceTree = BUILT_PRODUCTS_DIR; };
		44BBA0141EEBA747009A3EF0 /* LikeUUITests.m */ = {isa = PBXFileReference; lastKnownFileType = sourcecode.c.objc; path = LikeUUITests.m; sourceTree = "<group>"; };
		44BBA0161EEBA747009A3EF0 /* Info.plist */ = {isa = PBXFileReference; lastKnownFileType = text.plist.xml; path = Info.plist; sourceTree = "<group>"; };
		44BBA0211EED0356009A3EF0 /* Assets.xcassets */ = {isa = PBXFileReference; lastKnownFileType = folder.assetcatalog; path = Assets.xcassets; sourceTree = "<group>"; };
		44BBA0271EED072F009A3EF0 /* LURootViewController.h */ = {isa = PBXFileReference; fileEncoding = 4; lastKnownFileType = sourcecode.c.h; path = LURootViewController.h; sourceTree = "<group>"; };
		44BBA0281EED072F009A3EF0 /* LURootViewController.m */ = {isa = PBXFileReference; fileEncoding = 4; lastKnownFileType = sourcecode.c.objc; path = LURootViewController.m; sourceTree = "<group>"; };
		44BBA02A1EED09EC009A3EF0 /* LUBaseViewController.h */ = {isa = PBXFileReference; fileEncoding = 4; lastKnownFileType = sourcecode.c.h; path = LUBaseViewController.h; sourceTree = "<group>"; };
		44BBA02B1EED09EC009A3EF0 /* LUBaseViewController.m */ = {isa = PBXFileReference; fileEncoding = 4; lastKnownFileType = sourcecode.c.objc; path = LUBaseViewController.m; sourceTree = "<group>"; };
		44BBA02E1EED0B10009A3EF0 /* LURecomendViewController.h */ = {isa = PBXFileReference; fileEncoding = 4; lastKnownFileType = sourcecode.c.h; path = LURecomendViewController.h; sourceTree = "<group>"; };
		44BBA02F1EED0B10009A3EF0 /* LURecomendViewController.m */ = {isa = PBXFileReference; fileEncoding = 4; lastKnownFileType = sourcecode.c.objc; path = LURecomendViewController.m; sourceTree = "<group>"; };
		44BBA0311EED0B24009A3EF0 /* LUFindViewController.h */ = {isa = PBXFileReference; fileEncoding = 4; lastKnownFileType = sourcecode.c.h; path = LUFindViewController.h; sourceTree = "<group>"; };
		44BBA0321EED0B24009A3EF0 /* LUFindViewController.m */ = {isa = PBXFileReference; fileEncoding = 4; lastKnownFileType = sourcecode.c.objc; path = LUFindViewController.m; sourceTree = "<group>"; };
		44BBA0341EED0C41009A3EF0 /* LUMindViewController.h */ = {isa = PBXFileReference; fileEncoding = 4; lastKnownFileType = sourcecode.c.h; path = LUMindViewController.h; sourceTree = "<group>"; };
		44BBA0351EED0C41009A3EF0 /* LUMindViewController.m */ = {isa = PBXFileReference; fileEncoding = 4; lastKnownFileType = sourcecode.c.objc; path = LUMindViewController.m; sourceTree = "<group>"; };
		44BBA0371EED0C4F009A3EF0 /* LUUserCenterViewController.h */ = {isa = PBXFileReference; fileEncoding = 4; lastKnownFileType = sourcecode.c.h; path = LUUserCenterViewController.h; sourceTree = "<group>"; };
		44BBA0381EED0C4F009A3EF0 /* LUUserCenterViewController.m */ = {isa = PBXFileReference; fileEncoding = 4; lastKnownFileType = sourcecode.c.objc; path = LUUserCenterViewController.m; sourceTree = "<group>"; };
		44BBA03A1EED26CD009A3EF0 /* LUBaseTools.h */ = {isa = PBXFileReference; lastKnownFileType = sourcecode.c.h; path = LUBaseTools.h; sourceTree = "<group>"; };
		44BBA03B1EED2CA4009A3EF0 /* LUBaseTableViewController.h */ = {isa = PBXFileReference; fileEncoding = 4; lastKnownFileType = sourcecode.c.h; path = LUBaseTableViewController.h; sourceTree = "<group>"; };
		44BBA03C1EED2CA4009A3EF0 /* LUBaseTableViewController.m */ = {isa = PBXFileReference; fileEncoding = 4; lastKnownFileType = sourcecode.c.objc; path = LUBaseTableViewController.m; sourceTree = "<group>"; };
/* End PBXFileReference section */

/* Begin PBXFrameworksBuildPhase section */
		44BB9FF41EEBA747009A3EF0 /* Frameworks */ = {
			isa = PBXFrameworksBuildPhase;
			buildActionMask = 2147483647;
			files = (
			);
			runOnlyForDeploymentPostprocessing = 0;
		};
		44BBA00D1EEBA747009A3EF0 /* Frameworks */ = {
			isa = PBXFrameworksBuildPhase;
			buildActionMask = 2147483647;
			files = (
			);
			runOnlyForDeploymentPostprocessing = 0;
		};
/* End PBXFrameworksBuildPhase section */

/* Begin PBXGroup section */
		44BB9FEE1EEBA747009A3EF0 = {
			isa = PBXGroup;
			children = (
				44BB9FF91EEBA747009A3EF0 /* LikeU */,
				44BBA0131EEBA747009A3EF0 /* LikeUUITests */,
				44BB9FF81EEBA747009A3EF0 /* Products */,
			);
			sourceTree = "<group>";
		};
		44BB9FF81EEBA747009A3EF0 /* Products */ = {
			isa = PBXGroup;
			children = (
				44BB9FF71EEBA747009A3EF0 /* LikeU.app */,
				44BBA0101EEBA747009A3EF0 /* LikeUUITests.xctest */,
			);
			name = Products;
			sourceTree = "<group>";
		};
		44BB9FF91EEBA747009A3EF0 /* LikeU */ = {
			isa = PBXGroup;
			children = (
				44BBA0261EED049A009A3EF0 /* Tool */,
				44BBA0231EED0477009A3EF0 /* Category */,
				44BBA0241EED0477009A3EF0 /* Base */,
				44BBA0251EED0477009A3EF0 /* Common */,
				44BBA02D1EED0A8F009A3EF0 /* Home */,
				44BB9FFD1EEBA747009A3EF0 /* AppDelegate.h */,
				44BB9FFE1EEBA747009A3EF0 /* AppDelegate.m */,
				44BBA0271EED072F009A3EF0 /* LURootViewController.h */,
				44BBA0281EED072F009A3EF0 /* LURootViewController.m */,
				44BBA00B1EEBA747009A3EF0 /* Info.plist */,
				44BBA0211EED0356009A3EF0 /* Assets.xcassets */,
				44BB9FFA1EEBA747009A3EF0 /* Supporting Files */,
			);
			path = LikeU;
			sourceTree = "<group>";
		};
		44BB9FFA1EEBA747009A3EF0 /* Supporting Files */ = {
			isa = PBXGroup;
			children = (
				44BB9FFB1EEBA747009A3EF0 /* main.m */,
			);
			name = "Supporting Files";
			sourceTree = "<group>";
		};
		44BBA0131EEBA747009A3EF0 /* LikeUUITests */ = {
			isa = PBXGroup;
			children = (
				44BBA0141EEBA747009A3EF0 /* LikeUUITests.m */,
				44BBA0161EEBA747009A3EF0 /* Info.plist */,
			);
			path = LikeUUITests;
			sourceTree = "<group>";
		};
		44BBA0231EED0477009A3EF0 /* Category */ = {
			isa = PBXGroup;
			children = (
			);
			path = Category;
			sourceTree = "<group>";
		};
		44BBA0241EED0477009A3EF0 /* Base */ = {
			isa = PBXGroup;
			children = (
				44BBA02A1EED09EC009A3EF0 /* LUBaseViewController.h */,
				44BBA02B1EED09EC009A3EF0 /* LUBaseViewController.m */,
				44BBA03B1EED2CA4009A3EF0 /* LUBaseTableViewController.h */,
				44BBA03C1EED2CA4009A3EF0 /* LUBaseTableViewController.m */,
			);
			path = Base;
			sourceTree = "<group>";
		};
		44BBA0251EED0477009A3EF0 /* Common */ = {
			isa = PBXGroup;
			children = (
			);
			path = Common;
			sourceTree = "<group>";
		};
		44BBA0261EED049A009A3EF0 /* Tool */ = {
			isa = PBXGroup;
			children = (
				44BBA03A1EED26CD009A3EF0 /* LUBaseTools.h */,
			);
			path = Tool;
			sourceTree = "<group>";
		};
		44BBA02D1EED0A8F009A3EF0 /* Home */ = {
			isa = PBXGroup;
			children = (
				44BBA02E1EED0B10009A3EF0 /* LURecomendViewController.h */,
				44BBA02F1EED0B10009A3EF0 /* LURecomendViewController.m */,
				44BBA0311EED0B24009A3EF0 /* LUFindViewController.h */,
				44BBA0321EED0B24009A3EF0 /* LUFindViewController.m */,
				44BBA0341EED0C41009A3EF0 /* LUMindViewController.h */,
				44BBA0351EED0C41009A3EF0 /* LUMindViewController.m */,
				44BBA0371EED0C4F009A3EF0 /* LUUserCenterViewController.h */,
				44BBA0381EED0C4F009A3EF0 /* LUUserCenterViewController.m */,
			);
			path = Home;
			sourceTree = "<group>";
		};
/* End PBXGroup section */

/* Begin PBXNativeTarget section */
		44BB9FF61EEBA747009A3EF0 /* LikeU */ = {
			isa = PBXNativeTarget;
			buildConfigurationList = 44BBA0191EEBA747009A3EF0 /* Build configuration list for PBXNativeTarget "LikeU" */;
			buildPhases = (
				44BB9FF31EEBA747009A3EF0 /* Sources */,
				44BB9FF41EEBA747009A3EF0 /* Frameworks */,
				44BB9FF51EEBA747009A3EF0 /* Resources */,
			);
			buildRules = (
			);
			dependencies = (
			);
			name = LikeU;
			productName = LikeU;
			productReference = 44BB9FF71EEBA747009A3EF0 /* LikeU.app */;
			productType = "com.apple.product-type.application";
		};
		44BBA00F1EEBA747009A3EF0 /* LikeUUITests */ = {
			isa = PBXNativeTarget;
			buildConfigurationList = 44BBA01C1EEBA747009A3EF0 /* Build configuration list for PBXNativeTarget "LikeUUITests" */;
			buildPhases = (
				44BBA00C1EEBA747009A3EF0 /* Sources */,
				44BBA00D1EEBA747009A3EF0 /* Frameworks */,
				44BBA00E1EEBA747009A3EF0 /* Resources */,
			);
			buildRules = (
			);
			dependencies = (
				44BBA0121EEBA747009A3EF0 /* PBXTargetDependency */,
			);
			name = LikeUUITests;
			productName = LikeUUITests;
			productReference = 44BBA0101EEBA747009A3EF0 /* LikeUUITests.xctest */;
			productType = "com.apple.product-type.bundle.ui-testing";
		};
/* End PBXNativeTarget section */

/* Begin PBXProject section */
		44BB9FEF1EEBA747009A3EF0 /* Project object */ = {
			isa = PBXProject;
			attributes = {
				LastUpgradeCheck = 0830;
				ORGANIZATIONNAME = zhengya;
				TargetAttributes = {
					44BB9FF61EEBA747009A3EF0 = {
						CreatedOnToolsVersion = 8.3.3;
						DevelopmentTeam = KR2EUMCN3U;
						ProvisioningStyle = Automatic;
					};
					44BBA00F1EEBA747009A3EF0 = {
						CreatedOnToolsVersion = 8.3.3;
						ProvisioningStyle = Automatic;
						TestTargetID = 44BB9FF61EEBA747009A3EF0;
					};
				};
			};
			buildConfigurationList = 44BB9FF21EEBA747009A3EF0 /* Build configuration list for PBXProject "LikeU" */;
			compatibilityVersion = "Xcode 3.2";
			developmentRegion = English;
			hasScannedForEncodings = 0;
			knownRegions = (
				en,
				Base,
			);
			mainGroup = 44BB9FEE1EEBA747009A3EF0;
			productRefGroup = 44BB9FF81EEBA747009A3EF0 /* Products */;
			projectDirPath = "";
			projectRoot = "";
			targets = (
				44BB9FF61EEBA747009A3EF0 /* LikeU */,
				44BBA00F1EEBA747009A3EF0 /* LikeUUITests */,
			);
		};
/* End PBXProject section */

/* Begin PBXResourcesBuildPhase section */
		44BB9FF51EEBA747009A3EF0 /* Resources */ = {
			isa = PBXResourcesBuildPhase;
			buildActionMask = 2147483647;
			files = (
				44BBA0221EED0356009A3EF0 /* Assets.xcassets in Resources */,
			);
			runOnlyForDeploymentPostprocessing = 0;
		};
		44BBA00E1EEBA747009A3EF0 /* Resources */ = {
			isa = PBXResourcesBuildPhase;
			buildActionMask = 2147483647;
			files = (
			);
			runOnlyForDeploymentPostprocessing = 0;
		};
/* End PBXResourcesBuildPhase section */

/* Begin PBXSourcesBuildPhase section */
		44BB9FF31EEBA747009A3EF0 /* Sources */ = {
			isa = PBXSourcesBuildPhase;
			buildActionMask = 2147483647;
			files = (
				44BBA0331EED0B24009A3EF0 /* LUFindViewController.m in Sources */,
				44BBA02C1EED09EC009A3EF0 /* LUBaseViewController.m in Sources */,
				44BBA03D1EED2CA4009A3EF0 /* LUBaseTableViewController.m in Sources */,
				44BBA0291EED072F009A3EF0 /* LURootViewController.m in Sources */,
				44BB9FFF1EEBA747009A3EF0 /* AppDelegate.m in Sources */,
				44BBA0301EED0B10009A3EF0 /* LURecomendViewController.m in Sources */,
				44BB9FFC1EEBA747009A3EF0 /* main.m in Sources */,
				44BBA0361EED0C41009A3EF0 /* LUMindViewController.m in Sources */,
				44BBA0391EED0C4F009A3EF0 /* LUUserCenterViewController.m in Sources */,
			);
			runOnlyForDeploymentPostprocessing = 0;
		};
		44BBA00C1EEBA747009A3EF0 /* Sources */ = {
			isa = PBXSourcesBuildPhase;
			buildActionMask = 2147483647;
			files = (
				44BBA0151EEBA747009A3EF0 /* LikeUUITests.m in Sources */,
			);
			runOnlyForDeploymentPostprocessing = 0;
		};
/* End PBXSourcesBuildPhase section */

/* Begin PBXTargetDependency section */
		44BBA0121EEBA747009A3EF0 /* PBXTargetDependency */ = {
			isa = PBXTargetDependency;
			target = 44BB9FF61EEBA747009A3EF0 /* LikeU */;
			targetProxy = 44BBA0111EEBA747009A3EF0 /* PBXContainerItemProxy */;
		};
/* End PBXTargetDependency section */

/* Begin XCBuildConfiguration section */
		44BBA0171EEBA747009A3EF0 /* Debug */ = {
			isa = XCBuildConfiguration;
			buildSettings = {
				ALWAYS_SEARCH_USER_PATHS = NO;
				CLANG_ANALYZER_NONNULL = YES;
				CLANG_ANALYZER_NUMBER_OBJECT_CONVERSION = YES_AGGRESSIVE;
				CLANG_CXX_LANGUAGE_STANDARD = "gnu++0x";
				CLANG_CXX_LIBRARY = "libc++";
				CLANG_ENABLE_MODULES = YES;
				CLANG_ENABLE_OBJC_ARC = YES;
				CLANG_WARN_BOOL_CONVERSION = YES;
				CLANG_WARN_CONSTANT_CONVERSION = YES;
				CLANG_WARN_DIRECT_OBJC_ISA_USAGE = YES_ERROR;
				CLANG_WARN_DOCUMENTATION_COMMENTS = YES;
				CLANG_WARN_EMPTY_BODY = YES;
				CLANG_WARN_ENUM_CONVERSION = YES;
				CLANG_WARN_INFINITE_RECURSION = YES;
				CLANG_WARN_INT_CONVERSION = YES;
				CLANG_WARN_OBJC_ROOT_CLASS = YES_ERROR;
				CLANG_WARN_SUSPICIOUS_MOVE = YES;
				CLANG_WARN_UNREACHABLE_CODE = YES;
				CLANG_WARN__DUPLICATE_METHOD_MATCH = YES;
				"CODE_SIGN_IDENTITY[sdk=iphoneos*]" = "iPhone Developer";
				COPY_PHASE_STRIP = NO;
				DEBUG_INFORMATION_FORMAT = dwarf;
				ENABLE_STRICT_OBJC_MSGSEND = YES;
				ENABLE_TESTABILITY = YES;
				GCC_C_LANGUAGE_STANDARD = gnu99;
				GCC_DYNAMIC_NO_PIC = NO;
				GCC_NO_COMMON_BLOCKS = YES;
				GCC_OPTIMIZATION_LEVEL = 0;
				GCC_PREPROCESSOR_DEFINITIONS = (
					"DEBUG=1",
					"$(inherited)",
				);
				GCC_WARN_64_TO_32_BIT_CONVERSION = YES;
				GCC_WARN_ABOUT_RETURN_TYPE = YES_ERROR;
				GCC_WARN_UNDECLARED_SELECTOR = YES;
				GCC_WARN_UNINITIALIZED_AUTOS = YES_AGGRESSIVE;
				GCC_WARN_UNUSED_FUNCTION = YES;
				GCC_WARN_UNUSED_VARIABLE = YES;
				IPHONEOS_DEPLOYMENT_TARGET = 10.3;
				MTL_ENABLE_DEBUG_INFO = YES;
				ONLY_ACTIVE_ARCH = YES;
				SDKROOT = iphoneos;
			};
			name = Debug;
		};
		44BBA0181EEBA747009A3EF0 /* Release */ = {
			isa = XCBuildConfiguration;
			buildSettings = {
				ALWAYS_SEARCH_USER_PATHS = NO;
				CLANG_ANALYZER_NONNULL = YES;
				CLANG_ANALYZER_NUMBER_OBJECT_CONVERSION = YES_AGGRESSIVE;
				CLANG_CXX_LANGUAGE_STANDARD = "gnu++0x";
				CLANG_CXX_LIBRARY = "libc++";
				CLANG_ENABLE_MODULES = YES;
				CLANG_ENABLE_OBJC_ARC = YES;
				CLANG_WARN_BOOL_CONVERSION = YES;
				CLANG_WARN_CONSTANT_CONVERSION = YES;
				CLANG_WARN_DIRECT_OBJC_ISA_USAGE = YES_ERROR;
				CLANG_WARN_DOCUMENTATION_COMMENTS = YES;
				CLANG_WARN_EMPTY_BODY = YES;
				CLANG_WARN_ENUM_CONVERSION = YES;
				CLANG_WARN_INFINITE_RECURSION = YES;
				CLANG_WARN_INT_CONVERSION = YES;
				CLANG_WARN_OBJC_ROOT_CLASS = YES_ERROR;
				CLANG_WARN_SUSPICIOUS_MOVE = YES;
				CLANG_WARN_UNREACHABLE_CODE = YES;
				CLANG_WARN__DUPLICATE_METHOD_MATCH = YES;
				"CODE_SIGN_IDENTITY[sdk=iphoneos*]" = "iPhone Developer";
				COPY_PHASE_STRIP = NO;
				DEBUG_INFORMATION_FORMAT = "dwarf-with-dsym";
				ENABLE_NS_ASSERTIONS = NO;
				ENABLE_STRICT_OBJC_MSGSEND = YES;
				GCC_C_LANGUAGE_STANDARD = gnu99;
				GCC_NO_COMMON_BLOCKS = YES;
				GCC_WARN_64_TO_32_BIT_CONVERSION = YES;
				GCC_WARN_ABOUT_RETURN_TYPE = YES_ERROR;
				GCC_WARN_UNDECLARED_SELECTOR = YES;
				GCC_WARN_UNINITIALIZED_AUTOS = YES_AGGRESSIVE;
				GCC_WARN_UNUSED_FUNCTION = YES;
				GCC_WARN_UNUSED_VARIABLE = YES;
				IPHONEOS_DEPLOYMENT_TARGET = 10.3;
				MTL_ENABLE_DEBUG_INFO = NO;
				SDKROOT = iphoneos;
				VALIDATE_PRODUCT = YES;
			};
			name = Release;
		};
		44BBA01A1EEBA747009A3EF0 /* Debug */ = {
			isa = XCBuildConfiguration;
			buildSettings = {
				ASSETCATALOG_COMPILER_APPICON_NAME = AppIcon;
				DEVELOPMENT_TEAM = KR2EUMCN3U;
				INFOPLIST_FILE = LikeU/Info.plist;
				IPHONEOS_DEPLOYMENT_TARGET = 8.0;
				LD_RUNPATH_SEARCH_PATHS = "$(inherited) @executable_path/Frameworks";
				PRODUCT_BUNDLE_IDENTIFIER = com.zhengya.LikeU;
				PRODUCT_NAME = "$(TARGET_NAME)";
			};
			name = Debug;
		};
		44BBA01B1EEBA747009A3EF0 /* Release */ = {
			isa = XCBuildConfiguration;
			buildSettings = {
				ASSETCATALOG_COMPILER_APPICON_NAME = AppIcon;
				DEVELOPMENT_TEAM = KR2EUMCN3U;
				INFOPLIST_FILE = LikeU/Info.plist;
				IPHONEOS_DEPLOYMENT_TARGET = 8.0;
				LD_RUNPATH_SEARCH_PATHS = "$(inherited) @executable_path/Frameworks";
				PRODUCT_BUNDLE_IDENTIFIER = com.zhengya.LikeU;
				PRODUCT_NAME = "$(TARGET_NAME)";
			};
			name = Release;
		};
		44BBA01D1EEBA747009A3EF0 /* Debug */ = {
			isa = XCBuildConfiguration;
			buildSettings = {
				INFOPLIST_FILE = LikeUUITests/Info.plist;
				LD_RUNPATH_SEARCH_PATHS = "$(inherited) @executable_path/Frameworks @loader_path/Frameworks";
				PRODUCT_BUNDLE_IDENTIFIER = com.zhengya.LikeUUITests;
				PRODUCT_NAME = "$(TARGET_NAME)";
				TEST_TARGET_NAME = LikeU;
			};
			name = Debug;
		};
		44BBA01E1EEBA747009A3EF0 /* Release */ = {
			isa = XCBuildConfiguration;
			buildSettings = {
				INFOPLIST_FILE = LikeUUITests/Info.plist;
				LD_RUNPATH_SEARCH_PATHS = "$(inherited) @executable_path/Frameworks @loader_path/Frameworks";
				PRODUCT_BUNDLE_IDENTIFIER = com.zhengya.LikeUUITests;
				PRODUCT_NAME = "$(TARGET_NAME)";
				TEST_TARGET_NAME = LikeU;
			};
			name = Release;
		};
/* End XCBuildConfiguration section */

/* Begin XCConfigurationList section */
		44BB9FF21EEBA747009A3EF0 /* Build configuration list for PBXProject "LikeU" */ = {
			isa = XCConfigurationList;
			buildConfigurations = (
				44BBA0171EEBA747009A3EF0 /* Debug */,
				44BBA0181EEBA747009A3EF0 /* Release */,
			);
			defaultConfigurationIsVisible = 0;
			defaultConfigurationName = Release;
		};
		44BBA0191EEBA747009A3EF0 /* Build configuration list for PBXNativeTarget "LikeU" */ = {
			isa = XCConfigurationList;
			buildConfigurations = (
				44BBA01A1EEBA747009A3EF0 /* Debug */,
				44BBA01B1EEBA747009A3EF0 /* Release */,
			);
			defaultConfigurationIsVisible = 0;
			defaultConfigurationName = Release;
		};
		44BBA01C1EEBA747009A3EF0 /* Build configuration list for PBXNativeTarget "LikeUUITests" */ = {
			isa = XCConfigurationList;
			buildConfigurations = (
				44BBA01D1EEBA747009A3EF0 /* Debug */,
				44BBA01E1EEBA747009A3EF0 /* Release */,
			);
			defaultConfigurationIsVisible = 0;
			defaultConfigurationName = Release;
		};
/* End XCConfigurationList section */
	};
	rootObject = 44BB9FEF1EEBA747009A3EF0 /* Project object */;
}
